<?xml version="1.0" encoding="UTF-8" standalone="yes" ?>
<CodeBlocks_project_file>
	<FileVersion major="1" minor="6" />
	<Project>
		<Option title="DinrusWX" />
		<Option pch_mode="2" />
		<Option compiler="dmd" />
		<Build>
			<Target title="Debug">
				<Option output="bin/Debug/DinrusWX_dbg" prefix_auto="1" extension_auto="1" />
				<Option working_dir="" />
				<Option object_output="obj/Debug/" />
				<Option type="2" />
				<Option compiler="dmd" />
				<Option createDefFile="1" />
				<Compiler>
					<Add option="-g" />
					<Add option="-debug" />
				</Compiler>
			</Target>
			<Target title="Release">
				<Option output="bin/Release/DinrusWX" prefix_auto="1" extension_auto="1" />
				<Option working_dir="" />
				<Option object_output="obj/Release/" />
				<Option type="2" />
				<Option compiler="dmd" />
				<Option createDefFile="1" />
				<Compiler>
					<Add option="-O" />
				</Compiler>
			</Target>
		</Build>
		<Unit filename="./wxd/Accelerator.d" />
		<Unit filename="./wxd/ActivateEvent.d" />
		<Unit filename="./wxd/App.d" />
		<Unit filename="./wxd/ArrayInt.d" />
		<Unit filename="./wxd/ArrayString.d" />
		<Unit filename="./wxd/ArtProvider.d" />
		<Unit filename="./wxd/Bitmap.d" />
		<Unit filename="./wxd/BitmapButton.d" />
		<Unit filename="./wxd/BoxSizer.d" />
		<Unit filename="./wxd/Brush.d" />
		<Unit filename="./wxd/Button.d" />
		<Unit filename="./wxd/CalendarCtrl.d" />
		<Unit filename="./wxd/Caret.d" />
		<Unit filename="./wxd/CheckBox.d" />
		<Unit filename="./wxd/ChildFocusEvent.d" />
		<Unit filename="./wxd/Choice.d" />
		<Unit filename="./wxd/ChoiceDialog.d" />
		<Unit filename="./wxd/ClientData.d" />
		<Unit filename="./wxd/Clipboard.d" />
		<Unit filename="./wxd/CloseEvent.d" />
		<Unit filename="./wxd/Colour.d" />
		<Unit filename="./wxd/ColourDialog.d" />
		<Unit filename="./wxd/ComboBox.d" />
		<Unit filename="./wxd/CommandEvent.d" />
		<Unit filename="./wxd/Config.d" />
		<Unit filename="./wxd/ContextMenuEvent.d" />
		<Unit filename="./wxd/Control.d" />
		<Unit filename="./wxd/Cursor.d" />
		<Unit filename="./wxd/DC.d" />
		<Unit filename="./wxd/DND.d" />
		<Unit filename="./wxd/DataFormat.d" />
		<Unit filename="./wxd/DataObject.d" />
		<Unit filename="./wxd/Defs.d" />
		<Unit filename="./wxd/Dialog.d" />
		<Unit filename="./wxd/DirDialog.d" />
		<Unit filename="./wxd/Display.d" />
		<Unit filename="./wxd/DisplayChangedEvent.d" />
		<Unit filename="./wxd/DocManager.d" />
		<Unit filename="./wxd/DocTemplate.d" />
		<Unit filename="./wxd/Document.d" />
		<Unit filename="./wxd/EraseEvent.d" />
		<Unit filename="./wxd/Event.d" />
		<Unit filename="./wxd/EvtHandler.d" />
		<Unit filename="./wxd/FileDialog.d" />
		<Unit filename="./wxd/FindReplaceDialog.d" />
		<Unit filename="./wxd/FlexGridSizer.d" />
		<Unit filename="./wxd/FocusEvent.d" />
		<Unit filename="./wxd/Font.d" />
		<Unit filename="./wxd/FontDialog.d" />
		<Unit filename="./wxd/FontMisc.d" />
		<Unit filename="./wxd/Frame.d" />
		<Unit filename="./wxd/GDIObject.d" />
		<Unit filename="./wxd/GLCanvas.d" />
		<Unit filename="./wxd/Gauge.d" />
		<Unit filename="./wxd/GdiCommon.d" />
		<Unit filename="./wxd/GridBagSizer.d" />
		<Unit filename="./wxd/GridSizer.d" />
		<Unit filename="./wxd/HTML.d" />
		<Unit filename="./wxd/HelpEvent.d" />
		<Unit filename="./wxd/HtmlHelpController.d" />
		<Unit filename="./wxd/IControlWithItems.d" />
		<Unit filename="./wxd/Icon.d" />
		<Unit filename="./wxd/IconizeEvent.d" />
		<Unit filename="./wxd/IdleEvent.d" />
		<Unit filename="./wxd/Image.d" />
		<Unit filename="./wxd/ImageHandlers.d" />
		<Unit filename="./wxd/ImageList.d" />
		<Unit filename="./wxd/InitDialogEvent.d" />
		<Unit filename="./wxd/KeyEvent.d" />
		<Unit filename="./wxd/LayoutWin.d" />
		<Unit filename="./wxd/ListBox.d" />
		<Unit filename="./wxd/ListCtrl.d" />
		<Unit filename="./wxd/Listbook.d" />
		<Unit filename="./wxd/Locale.d" />
		<Unit filename="./wxd/Log.d" />
		<Unit filename="./wxd/MDI.d" />
		<Unit filename="./wxd/MaximizeEvent.d" />
		<Unit filename="./wxd/MemoryDC.d" />
		<Unit filename="./wxd/Menu.d" />
		<Unit filename="./wxd/MenuBar.d" />
		<Unit filename="./wxd/MenuItem.d" />
		<Unit filename="./wxd/MessageDialog.d" />
		<Unit filename="./wxd/MiniFrame.d" />
		<Unit filename="./wxd/MouseCaptureChangedEvent.d" />
		<Unit filename="./wxd/MouseEvent.d" />
		<Unit filename="./wxd/MoveEvent.d" />
		<Unit filename="./wxd/NavigationKeyEvent.d" />
		<Unit filename="./wxd/NcPaintEvent.d" />
		<Unit filename="./wxd/Notebook.d" />
		<Unit filename="./wxd/NotebookSizer.d" />
		<Unit filename="./wxd/NotifyEvent.d" />
		<Unit filename="./wxd/NumberDialog.d" />
		<Unit filename="./wxd/PaintEvent.d" />
		<Unit filename="./wxd/Palette.d" />
		<Unit filename="./wxd/PaletteChangedEvent.d" />
		<Unit filename="./wxd/Panel.d" />
		<Unit filename="./wxd/Pen.d" />
		<Unit filename="./wxd/PrintData.d" />
		<Unit filename="./wxd/PrintDialog.d" />
		<Unit filename="./wxd/PrintPreview.d" />
		<Unit filename="./wxd/Printer.d" />
		<Unit filename="./wxd/ProgressDialog.d" />
		<Unit filename="./wxd/QueryNewPaletteEvent.d" />
		<Unit filename="./wxd/RadioBox.d" />
		<Unit filename="./wxd/RadioButton.d" />
		<Unit filename="./wxd/Region.d" />
		<Unit filename="./wxd/SashWindow.d" />
		<Unit filename="./wxd/ScrollBar.d" />
		<Unit filename="./wxd/ScrolledWindow.d" />
		<Unit filename="./wxd/SetCursorEvent.d" />
		<Unit filename="./wxd/ShowEvent.d" />
		<Unit filename="./wxd/SizeEvent.d" />
		<Unit filename="./wxd/Sizer.d" />
		<Unit filename="./wxd/SizerItem.d" />
		<Unit filename="./wxd/Slider.d" />
		<Unit filename="./wxd/Sound.d" />
		<Unit filename="./wxd/SpinButton.d" />
		<Unit filename="./wxd/SpinCtrl.d" />
		<Unit filename="./wxd/SplashScreen.d" />
		<Unit filename="./wxd/SplitterWindow.d" />
		<Unit filename="./wxd/StaticBitmap.d" />
		<Unit filename="./wxd/StaticBox.d" />
		<Unit filename="./wxd/StaticBoxSizer.d" />
		<Unit filename="./wxd/StaticLine.d" />
		<Unit filename="./wxd/StaticText.d" />
		<Unit filename="./wxd/StatusBar.d" />
		<Unit filename="./wxd/StyledTextCtrl.d" />
		<Unit filename="./wxd/SysColourChangedEvent.d" />
		<Unit filename="./wxd/SystemSettings.d" />
		<Unit filename="./wxd/TabCtrl.d" />
		<Unit filename="./wxd/TaskBarIcon.d" />
		<Unit filename="./wxd/TextCtrl.d" />
		<Unit filename="./wxd/TextDialog.d" />
		<Unit filename="./wxd/Thread.d" />
		<Unit filename="./wxd/Timer.d" />
		<Unit filename="./wxd/TipDialog.d" />
		<Unit filename="./wxd/TipWindow.d" />
		<Unit filename="./wxd/ToggleButton.d" />
		<Unit filename="./wxd/ToolTip.d" />
		<Unit filename="./wxd/TreeCtrl.d" />
		<Unit filename="./wxd/UpdateUIEvent.d" />
		<Unit filename="./wxd/Utils.d" />
		<Unit filename="./wxd/Validator.d" />
		<Unit filename="./wxd/VideoMode.d" />
		<Unit filename="./wxd/View.d" />
		<Unit filename="./wxd/Window.d" />
		<Unit filename="./wxd/WindowCreateEvent.d" />
		<Unit filename="./wxd/WindowDestroyEvent.d" />
		<Unit filename="./wxd/Wizard.d" />
		<Unit filename="./wxd/WizardPage.d" />
		<Unit filename="./wxd/WizardPageSimple.d" />
		<Unit filename="./wxd/XmlResource.d" />
		<Unit filename="./wxd/aui/DockArt.d" />
		<Unit filename="./wxd/aui/FrameManager.d" />
		<Unit filename="./wxd/aui/aui.d" />
		<Unit filename="./wxd/common.d" />
		<Unit filename="./wxd/libs.d" />
		<Unit filename="./wxd/ogl/ogl.d" />
		<Unit filename="./wxd/wx.d" />
		<Unit filename="./wxd/wxDateTime.d" />
		<Unit filename="./wxd/wxObject.d" />
		<Unit filename="./wxd/wxPlatform.d" />
		<Unit filename="./wxd/wxString.d" />
		<Unit filename="./wxd/wxVersion.d" />
		<Extensions>
			<code_completion />
			<envvars />
			<debugger />
			<lib_finder disable_auto="1" />
		</Extensions>
	</Project>
</CodeBlocks_project_file>
